<?xml version="1.0" encoding="utf-8"?>
<Project ToolsVersion="4.0" xmlns="http://schemas.microsoft.com/developer/msbuild/2003">
  <ItemGroup>
    <Filter Include="examples">
      <UniqueIdentifier>{84D830B1-70A5-8BBC-99BE-796485EAC04A}</UniqueIdentifier>
    </Filter>
  </ItemGroup>
  <ItemGroup>
    <ClInclude Include="src\ExampleSelect.h" />
    <ClInclude Include="src\examples\ExampleBase.h">
      <Filter>examples</Filter>
    </ClInclude>
    <ClInclude Include="src\examples\ExampleConvex2D.h">
      <Filter>examples</Filter>
    </ClInclude>
    <ClInclude Include="src\examples\ExampleNodeAnimation.h">
      <Filter>examples</Filter>
    </ClInclude>
    <ClInclude Include="src\examples\ExampleShapecast3D.h">
      <Filter>examples</Filter>
    </ClInclude>
    <ClInclude Include="src\sandboxpch.h" />
  </ItemGroup>
  <ItemGroup>
    <ClCompile Include="src\ExampleSelect.cpp" />
    <ClCompile Include="src\examples\ExampleBase.cpp">
      <Filter>examples</Filter>
    </ClCompile>
    <ClCompile Include="src\main.cpp" />
    <ClCompile Include="src\sandboxpch.cpp" />
  </ItemGroup>
</Project>